{
  "name": "@guokexin.02/cli-oidc-rehearsal",
  "version": "0.0.1",
  "lockfileVersion": 3,
  "requires": true,
  "packages": {
    "": {
      "name": "@guokexin.02/cli-oidc-rehearsal",
      "version": "0.0.1",
      "license": "MIT",
      "engines": {
        "node": ">=16"
      }
    }
  }
}
